
Microsoft Visual Studio Solution File, Format Version 12.00
# Visual Studio Version 16
VisualStudioVersion = 16.0.30503.244
MinimumVisualStudioVersion = 10.0.40219.1
Project("{FAE04EC0-301F-11D3-BF4B-00C04F79EFBC}") = "OneMovie.Client", "OneMovie.Client\OneMovie.Client.csproj", "{FE951E1F-9FE3-4E3B-993F-5CFB6F0C5755}"
EndProject
Global
	GlobalSection(SolutionConfigurationPlatforms) = preSolution
		Debug|Any CPU = Debug|Any CPU
		Release|Any CPU = Release|Any CPU
	EndGlobalSection
	GlobalSection(ProjectConfigurationPlatforms) = postSolution
		{FE951E1F-9FE3-4E3B-993F-5CFB6F0C5755}.Debug|Any CPU.ActiveCfg = Debug|Any CPU
		{FE951E1F-9FE3-4E3B-993F-5CFB6F0C5755}.Debug|Any CPU.Build.0 = Debug|Any CPU
		{FE951E1F-9FE3-4E3B-993F-5CFB6F0C5755}.Release|Any CPU.ActiveCfg = Release|Any CPU
		{FE951E1F-9FE3-4E3B-993F-5CFB6F0C5755}.Release|Any CPU.Build.0 = Release|Any CPU
	EndGlobalSection
	GlobalSection(SolutionProperties) = preSolution
		HideSolutionNode = FALSE
	EndGlobalSection
	GlobalSection(ExtensibilityGlobals) = postSolution
		SolutionGuid = {048BBCA6-C41F-4B6C-B3C4-605A5FC811CE}
	EndGlobalSection
EndGlobal
